
Microsoft Visual Studio Solution File, Format Version 12.00
# Visual Studio Version 17
VisualStudioVersion = 17.11.35222.181
MinimumVisualStudioVersion = 10.0.40219.1
Project("{FAE04EC0-301F-11D3-BF4B-00C04F79EFBC}") = "Profit", "Profit.csproj", "{32ED07B0-1657-49CB-AC56-50B10FA1345A}"
EndProject
Global
	GlobalSection(SolutionConfigurationPlatforms) = preSolution
		Debug|Any CPU = Debug|Any CPU
		Release|Any CPU = Release|Any CPU
	EndGlobalSection
	GlobalSection(ProjectConfigurationPlatforms) = postSolution
		{32ED07B0-1657-49CB-AC56-50B10FA1345A}.Debug|Any CPU.ActiveCfg = Debug|Any CPU
		{32ED07B0-1657-49CB-AC56-50B10FA1345A}.Debug|Any CPU.Build.0 = Debug|Any CPU
		{32ED07B0-1657-49CB-AC56-50B10FA1345A}.Release|Any CPU.ActiveCfg = Release|Any CPU
		{32ED07B0-1657-49CB-AC56-50B10FA1345A}.Release|Any CPU.Build.0 = Release|Any CPU
	EndGlobalSection
	GlobalSection(SolutionProperties) = preSolution
		HideSolutionNode = FALSE
	EndGlobalSection
	GlobalSection(ExtensibilityGlobals) = postSolution
		SolutionGuid = {3E08FB9B-B11B-4BCC-B605-338E9BA129FA}
	EndGlobalSection
EndGlobal
